
Microsoft Visual Studio Solution File, Format Version 12.00
# Visual Studio Version 16
VisualStudioVersion = 16.0.32002.261
MinimumVisualStudioVersion = 10.0.40219.1
Project("{8BC9CEB8-8B4A-11D0-8D11-00A0C91BC942}") = "CudaTest1", "CudaTest1\CudaTest1.vcxproj", "{9433AA31-2937-4268-A25C-0E98F9E2615E}"
EndProject
Project("{8BC9CEB8-8B4A-11D0-8D11-00A0C91BC942}") = "CudaTest2_BAR1Check", "CudaTest2_BAR1Check\CudaTest2_BAR1Check.vcxproj", "{F9EE0910-03A4-4CC6-B104-7CBF6D47E015}"
EndProject
Project("{8BC9CEB8-8B4A-11D0-8D11-00A0C91BC942}") = "CudaTest2_BasicMemoryAlloc", "CudaTest2_BasicMemoryAlloc\CudaTest2_BasicMemoryAlloc.vcxproj", "{997EF587-97C4-455A-A4A8-9E616F1FC145}"
EndProject
Project("{8BC9CEB8-8B4A-11D0-8D11-00A0C91BC942}") = "CudaTest3_BasicCalculate1", "CudaTest3_BasicCalculate1\CudaTest3_BasicCalculate1.vcxproj", "{BD910E90-A8B1-451E-A420-E70D6722BB1B}"
EndProject
Global
	GlobalSection(SolutionConfigurationPlatforms) = preSolution
		Debug|x64 = Debug|x64
		Debug|x86 = Debug|x86
		Release|x64 = Release|x64
		Release|x86 = Release|x86
	EndGlobalSection
	GlobalSection(ProjectConfigurationPlatforms) = postSolution
		{9433AA31-2937-4268-A25C-0E98F9E2615E}.Debug|x64.ActiveCfg = Debug|x64
		{9433AA31-2937-4268-A25C-0E98F9E2615E}.Debug|x64.Build.0 = Debug|x64
		{9433AA31-2937-4268-A25C-0E98F9E2615E}.Debug|x86.ActiveCfg = Debug|x64
		{9433AA31-2937-4268-A25C-0E98F9E2615E}.Release|x64.ActiveCfg = Release|x64
		{9433AA31-2937-4268-A25C-0E98F9E2615E}.Release|x64.Build.0 = Release|x64
		{9433AA31-2937-4268-A25C-0E98F9E2615E}.Release|x86.ActiveCfg = Release|x64
		{F9EE0910-03A4-4CC6-B104-7CBF6D47E015}.Debug|x64.ActiveCfg = Debug|x64
		{F9EE0910-03A4-4CC6-B104-7CBF6D47E015}.Debug|x64.Build.0 = Debug|x64
		{F9EE0910-03A4-4CC6-B104-7CBF6D47E015}.Debug|x86.ActiveCfg = Debug|x64
		{F9EE0910-03A4-4CC6-B104-7CBF6D47E015}.Release|x64.ActiveCfg = Release|x64
		{F9EE0910-03A4-4CC6-B104-7CBF6D47E015}.Release|x64.Build.0 = Release|x64
		{F9EE0910-03A4-4CC6-B104-7CBF6D47E015}.Release|x86.ActiveCfg = Release|x64
		{997EF587-97C4-455A-A4A8-9E616F1FC145}.Debug|x64.ActiveCfg = Debug|x64
		{997EF587-97C4-455A-A4A8-9E616F1FC145}.Debug|x64.Build.0 = Debug|x64
		{997EF587-97C4-455A-A4A8-9E616F1FC145}.Debug|x86.ActiveCfg = Debug|x64
		{997EF587-97C4-455A-A4A8-9E616F1FC145}.Release|x64.ActiveCfg = Release|x64
		{997EF587-97C4-455A-A4A8-9E616F1FC145}.Release|x64.Build.0 = Release|x64
		{997EF587-97C4-455A-A4A8-9E616F1FC145}.Release|x86.ActiveCfg = Release|x64
		{BD910E90-A8B1-451E-A420-E70D6722BB1B}.Debug|x64.ActiveCfg = Debug|x64
		{BD910E90-A8B1-451E-A420-E70D6722BB1B}.Debug|x64.Build.0 = Debug|x64
		{BD910E90-A8B1-451E-A420-E70D6722BB1B}.Debug|x86.ActiveCfg = Debug|x64
		{BD910E90-A8B1-451E-A420-E70D6722BB1B}.Release|x64.ActiveCfg = Release|x64
		{BD910E90-A8B1-451E-A420-E70D6722BB1B}.Release|x64.Build.0 = Release|x64
		{BD910E90-A8B1-451E-A420-E70D6722BB1B}.Release|x86.ActiveCfg = Release|x64
	EndGlobalSection
	GlobalSection(SolutionProperties) = preSolution
		HideSolutionNode = FALSE
	EndGlobalSection
	GlobalSection(ExtensibilityGlobals) = postSolution
		SolutionGuid = {1527C2F5-7805-450F-94A9-C9FE92D8294A}
	EndGlobalSection
EndGlobal
